{
  "name": "scuffed-rooms",
  "version": "0.0.13",
  "lockfileVersion": 2,
  "requires": true,
  "packages": {
    "": {
      "name": "scuffed-rooms",
      "version": "0.0.13",
      "dependencies": {
        "lodash.clonedeep": "^4.5.0",
        "uWebSockets.js": "uNetworking/uWebSockets.js#v20.3.0"
      }
    },
    "node_modules/lodash.clonedeep": {
      "version": "4.5.0",
      "resolved": "https://registry.npmjs.org/lodash.clonedeep/-/lodash.clonedeep-4.5.0.tgz",
      "integrity": "sha1-4j8/nE+Pvd6HJSnBBxhXoIblzO8="
    },
    "node_modules/uWebSockets.js": {
      "version": "20.3.0",
      "resolved": "git+ssh://git@github.com/uNetworking/uWebSockets.js.git#e5d6241a7bbfb0d9258780dbf6175ae34d6f18e9"
    }
  },
  "dependencies": {
    "lodash.clonedeep": {
      "version": "4.5.0",
      "resolved": "https://registry.npmjs.org/lodash.clonedeep/-/lodash.clonedeep-4.5.0.tgz",
      "integrity": "sha1-4j8/nE+Pvd6HJSnBBxhXoIblzO8="
    },
    "uWebSockets.js": {
      "version": "git+ssh://git@github.com/uNetworking/uWebSockets.js.git#e5d6241a7bbfb0d9258780dbf6175ae34d6f18e9",
      "from": "uWebSockets.js@uNetworking/uWebSockets.js#v20.3.0"
    }
  }
}
