# THIS IS AN AUTOGENERATED FILE. DO NOT EDIT THIS FILE DIRECTLY.
# yarn lockfile v1


"lodash.clonedeep@^4.5.0":
  "integrity" "sha1-4j8/nE+Pvd6HJSnBBxhXoIblzO8="
  "resolved" "https://registry.npmjs.org/lodash.clonedeep/-/lodash.clonedeep-4.5.0.tgz"
  "version" "4.5.0"

"uWebSockets.js@github:uNetworking/uWebSockets.js#v20.3.0":
  "resolved" "git+ssh://git@github.com/uNetworking/uWebSockets.js.git#e5d6241a7bbfb0d9258780dbf6175ae34d6f18e9"
  "version" "20.3.0"
